
Microsoft Visual Studio Solution File, Format Version 11.00
# Visual Studio 2010
Project("{FAE04EC0-301F-11D3-BF4B-00C04F79EFBC}") = "Assembly-CSharp", "Assembly-CSharp.csproj", "{A35E5697-03B2-4D2B-71ED-04F0A62E24C3}"
EndProject
Global
	GlobalSection(SolutionConfigurationPlatforms) = preSolution
		Debug|Any CPU = Debug|Any CPU
		Release|Any CPU = Release|Any CPU
	EndGlobalSection
	GlobalSection(ProjectConfigurationPlatforms) = postSolution
		{A35E5697-03B2-4D2B-71ED-04F0A62E24C3}.Debug|Any CPU.ActiveCfg = Debug|Any CPU
		{A35E5697-03B2-4D2B-71ED-04F0A62E24C3}.Debug|Any CPU.Build.0 = Debug|Any CPU
		{A35E5697-03B2-4D2B-71ED-04F0A62E24C3}.Release|Any CPU.ActiveCfg = Release|Any CPU
		{A35E5697-03B2-4D2B-71ED-04F0A62E24C3}.Release|Any CPU.Build.0 = Release|Any CPU
	EndGlobalSection
	GlobalSection(SolutionProperties) = preSolution
		HideSolutionNode = FALSE
	EndGlobalSection
EndGlobal
